
Microsoft Visual Studio Solution File, Format Version 12.00
# Visual Studio Version 16
VisualStudioVersion = 16.0.29215.179
MinimumVisualStudioVersion = 10.0.40219.1
Project("{FAE04EC0-301F-11D3-BF4B-00C04F79EFBC}") = "App21", "App21\App21.csproj", "{179C5375-AF96-4510-9924-AF38E0F26396}"
EndProject
Global
	GlobalSection(SolutionConfigurationPlatforms) = preSolution
		Debug|Any CPU = Debug|Any CPU
		Release|Any CPU = Release|Any CPU
	EndGlobalSection
	GlobalSection(ProjectConfigurationPlatforms) = postSolution
		{179C5375-AF96-4510-9924-AF38E0F26396}.Debug|Any CPU.ActiveCfg = Debug|Any CPU
		{179C5375-AF96-4510-9924-AF38E0F26396}.Debug|Any CPU.Build.0 = Debug|Any CPU
		{179C5375-AF96-4510-9924-AF38E0F26396}.Release|Any CPU.ActiveCfg = Release|Any CPU
		{179C5375-AF96-4510-9924-AF38E0F26396}.Release|Any CPU.Build.0 = Release|Any CPU
	EndGlobalSection
	GlobalSection(SolutionProperties) = preSolution
		HideSolutionNode = FALSE
	EndGlobalSection
	GlobalSection(ExtensibilityGlobals) = postSolution
		SolutionGuid = {4FE7CC2C-B3A8-4E5E-B806-D23CA5DA7E18}
	EndGlobalSection
EndGlobal
