
Microsoft Visual Studio Solution File, Format Version 12.00
# Visual Studio Version 16
VisualStudioVersion = 16.0.29215.179
MinimumVisualStudioVersion = 10.0.40219.1
Project("{FAE04EC0-301F-11D3-BF4B-00C04F79EFBC}") = "App4", "App4\App4.csproj", "{DDE3708A-C97E-4BBE-9C48-97B3D7B5302E}"
EndProject
Global
	GlobalSection(SolutionConfigurationPlatforms) = preSolution
		Debug|Any CPU = Debug|Any CPU
		Release|Any CPU = Release|Any CPU
	EndGlobalSection
	GlobalSection(ProjectConfigurationPlatforms) = postSolution
		{DDE3708A-C97E-4BBE-9C48-97B3D7B5302E}.Debug|Any CPU.ActiveCfg = Debug|Any CPU
		{DDE3708A-C97E-4BBE-9C48-97B3D7B5302E}.Debug|Any CPU.Build.0 = Debug|Any CPU
		{DDE3708A-C97E-4BBE-9C48-97B3D7B5302E}.Release|Any CPU.ActiveCfg = Release|Any CPU
		{DDE3708A-C97E-4BBE-9C48-97B3D7B5302E}.Release|Any CPU.Build.0 = Release|Any CPU
	EndGlobalSection
	GlobalSection(SolutionProperties) = preSolution
		HideSolutionNode = FALSE
	EndGlobalSection
	GlobalSection(ExtensibilityGlobals) = postSolution
		SolutionGuid = {83783AE9-9121-4780-8F57-7F7B88307BF3}
	EndGlobalSection
EndGlobal
