
Microsoft Visual Studio Solution File, Format Version 12.00
# Visual Studio Version 16
VisualStudioVersion = 16.0.29215.179
MinimumVisualStudioVersion = 10.0.40219.1
Project("{FAE04EC0-301F-11D3-BF4B-00C04F79EFBC}") = "App3", "App3\App3.csproj", "{B4DF2F17-5C9D-4C1C-AA1B-FFC6284F0E19}"
EndProject
Global
	GlobalSection(SolutionConfigurationPlatforms) = preSolution
		Debug|Any CPU = Debug|Any CPU
		Release|Any CPU = Release|Any CPU
	EndGlobalSection
	GlobalSection(ProjectConfigurationPlatforms) = postSolution
		{B4DF2F17-5C9D-4C1C-AA1B-FFC6284F0E19}.Debug|Any CPU.ActiveCfg = Debug|Any CPU
		{B4DF2F17-5C9D-4C1C-AA1B-FFC6284F0E19}.Debug|Any CPU.Build.0 = Debug|Any CPU
		{B4DF2F17-5C9D-4C1C-AA1B-FFC6284F0E19}.Release|Any CPU.ActiveCfg = Release|Any CPU
		{B4DF2F17-5C9D-4C1C-AA1B-FFC6284F0E19}.Release|Any CPU.Build.0 = Release|Any CPU
	EndGlobalSection
	GlobalSection(SolutionProperties) = preSolution
		HideSolutionNode = FALSE
	EndGlobalSection
	GlobalSection(ExtensibilityGlobals) = postSolution
		SolutionGuid = {ABFC8837-1733-4C89-99BE-23CB2DFF7E5C}
	EndGlobalSection
EndGlobal
