
Microsoft Visual Studio Solution File, Format Version 12.00
# Visual Studio Version 16
VisualStudioVersion = 16.0.29215.179
MinimumVisualStudioVersion = 10.0.40219.1
Project("{FAE04EC0-301F-11D3-BF4B-00C04F79EFBC}") = "App13", "App13\App13.csproj", "{F0798279-BE9C-4B30-B1CA-F1E0412EDF0A}"
EndProject
Global
	GlobalSection(SolutionConfigurationPlatforms) = preSolution
		Debug|Any CPU = Debug|Any CPU
		Release|Any CPU = Release|Any CPU
	EndGlobalSection
	GlobalSection(ProjectConfigurationPlatforms) = postSolution
		{F0798279-BE9C-4B30-B1CA-F1E0412EDF0A}.Debug|Any CPU.ActiveCfg = Debug|Any CPU
		{F0798279-BE9C-4B30-B1CA-F1E0412EDF0A}.Debug|Any CPU.Build.0 = Debug|Any CPU
		{F0798279-BE9C-4B30-B1CA-F1E0412EDF0A}.Release|Any CPU.ActiveCfg = Release|Any CPU
		{F0798279-BE9C-4B30-B1CA-F1E0412EDF0A}.Release|Any CPU.Build.0 = Release|Any CPU
	EndGlobalSection
	GlobalSection(SolutionProperties) = preSolution
		HideSolutionNode = FALSE
	EndGlobalSection
	GlobalSection(ExtensibilityGlobals) = postSolution
		SolutionGuid = {740B8573-A018-4190-8236-896CEE4162F2}
	EndGlobalSection
EndGlobal
