
Microsoft Visual Studio Solution File, Format Version 12.00
# Visual Studio Version 16
VisualStudioVersion = 16.0.29215.179
MinimumVisualStudioVersion = 10.0.40219.1
Project("{FAE04EC0-301F-11D3-BF4B-00C04F79EFBC}") = "App14", "App14\App14.csproj", "{203980F3-0FFF-48F4-8B64-DE61E921F9C2}"
EndProject
Global
	GlobalSection(SolutionConfigurationPlatforms) = preSolution
		Debug|Any CPU = Debug|Any CPU
		Release|Any CPU = Release|Any CPU
	EndGlobalSection
	GlobalSection(ProjectConfigurationPlatforms) = postSolution
		{203980F3-0FFF-48F4-8B64-DE61E921F9C2}.Debug|Any CPU.ActiveCfg = Debug|Any CPU
		{203980F3-0FFF-48F4-8B64-DE61E921F9C2}.Debug|Any CPU.Build.0 = Debug|Any CPU
		{203980F3-0FFF-48F4-8B64-DE61E921F9C2}.Release|Any CPU.ActiveCfg = Release|Any CPU
		{203980F3-0FFF-48F4-8B64-DE61E921F9C2}.Release|Any CPU.Build.0 = Release|Any CPU
	EndGlobalSection
	GlobalSection(SolutionProperties) = preSolution
		HideSolutionNode = FALSE
	EndGlobalSection
	GlobalSection(ExtensibilityGlobals) = postSolution
		SolutionGuid = {5C320D06-7DC4-437A-A03E-A2E4106E7015}
	EndGlobalSection
EndGlobal
