
Microsoft Visual Studio Solution File, Format Version 12.00
# Visual Studio 15
VisualStudioVersion = 15.0.27703.2035
MinimumVisualStudioVersion = 10.0.40219.1
Project("{FAE04EC0-301F-11D3-BF4B-00C04F79EFBC}") = "App29", "App29\App29.csproj", "{2C5BC5B0-3990-4A1E-96ED-C1A39883D137}"
EndProject
Global
	GlobalSection(SolutionConfigurationPlatforms) = preSolution
		Debug|Any CPU = Debug|Any CPU
		Release|Any CPU = Release|Any CPU
	EndGlobalSection
	GlobalSection(ProjectConfigurationPlatforms) = postSolution
		{2C5BC5B0-3990-4A1E-96ED-C1A39883D137}.Debug|Any CPU.ActiveCfg = Debug|Any CPU
		{2C5BC5B0-3990-4A1E-96ED-C1A39883D137}.Debug|Any CPU.Build.0 = Debug|Any CPU
		{2C5BC5B0-3990-4A1E-96ED-C1A39883D137}.Release|Any CPU.ActiveCfg = Release|Any CPU
		{2C5BC5B0-3990-4A1E-96ED-C1A39883D137}.Release|Any CPU.Build.0 = Release|Any CPU
	EndGlobalSection
	GlobalSection(SolutionProperties) = preSolution
		HideSolutionNode = FALSE
	EndGlobalSection
	GlobalSection(ExtensibilityGlobals) = postSolution
		SolutionGuid = {662A343D-BD70-4AEE-8C68-688092DB02F2}
	EndGlobalSection
EndGlobal
